
Microsoft Visual Studio Solution File, Format Version 12.00
# Visual Studio Version 16
VisualStudioVersion = 16.0.32106.194
MinimumVisualStudioVersion = 10.0.40219.1
Project("{FAE04EC0-301F-11D3-BF4B-00C04F79EFBC}") = "LeapYearKata", "LeapYearKata.csproj", "{508F47AB-E2F8-40C4-9260-9960B2C35635}"
EndProject
Project("{FAE04EC0-301F-11D3-BF4B-00C04F79EFBC}") = "TestLeapYear", "..\TestLeapYear\TestLeapYear.csproj", "{6103E990-5B9C-4812-B6EC-A8253206BD5E}"
EndProject
Global
	GlobalSection(SolutionConfigurationPlatforms) = preSolution
		Debug|Any CPU = Debug|Any CPU
		Release|Any CPU = Release|Any CPU
	EndGlobalSection
	GlobalSection(ProjectConfigurationPlatforms) = postSolution
		{508F47AB-E2F8-40C4-9260-9960B2C35635}.Debug|Any CPU.ActiveCfg = Debug|Any CPU
		{508F47AB-E2F8-40C4-9260-9960B2C35635}.Debug|Any CPU.Build.0 = Debug|Any CPU
		{508F47AB-E2F8-40C4-9260-9960B2C35635}.Release|Any CPU.ActiveCfg = Release|Any CPU
		{508F47AB-E2F8-40C4-9260-9960B2C35635}.Release|Any CPU.Build.0 = Release|Any CPU
		{6103E990-5B9C-4812-B6EC-A8253206BD5E}.Debug|Any CPU.ActiveCfg = Debug|Any CPU
		{6103E990-5B9C-4812-B6EC-A8253206BD5E}.Debug|Any CPU.Build.0 = Debug|Any CPU
		{6103E990-5B9C-4812-B6EC-A8253206BD5E}.Release|Any CPU.ActiveCfg = Release|Any CPU
		{6103E990-5B9C-4812-B6EC-A8253206BD5E}.Release|Any CPU.Build.0 = Release|Any CPU
	EndGlobalSection
	GlobalSection(SolutionProperties) = preSolution
		HideSolutionNode = FALSE
	EndGlobalSection
	GlobalSection(ExtensibilityGlobals) = postSolution
		SolutionGuid = {750491AC-E27A-42BE-85BF-2181A884500C}
	EndGlobalSection
EndGlobal
